// !$*UTF8*$!
{
	archiveVersion = 1;
	classes = {
	};
	objectVersion = 46;
	objects = {

/* Begin PBXBuildFile section */
		DCC676631C69272400926A28 /* PlaySoundsViewController.swift in Sources */ = {isa = PBXBuildFile; fileRef = DCC676621C69272400926A28 /* PlaySoundsViewController.swift */; };
		DCDE90C21C67E72300B54AAC /* AppDelegate.swift in Sources */ = {isa = PBXBuildFile; fileRef = DCDE90C11C67E72300B54AAC /* AppDelegate.swift */; };
		DCDE90C41C67E72300B54AAC /* RecordSoundsViewController.swift in Sources */ = {isa = PBXBuildFile; fileRef = DCDE90C31C67E72300B54AAC /* RecordSoundsViewController.swift */; };
		DCDE90C71C67E72300B54AAC /* Main.storyboard in Resources */ = {isa = PBXBuildFile; fileRef = DCDE90C51C67E72300B54AAC /* Main.storyboard */; };
		DCDE90C91C67E72300B54AAC /* Assets.xcassets in Resources */ = {isa = PBXBuildFile; fileRef = DCDE90C81C67E72300B54AAC /* Assets.xcassets */; };
		DCDE90CC1C67E72300B54AAC /* LaunchScreen.storyboard in Resources */ = {isa = PBXBuildFile; fileRef = DCDE90CA1C67E72300B54AAC /* LaunchScreen.storyboard */; };
		DCDE90D71C67E72300B54AAC /* Pitch_PerfectTests.swift in Sources */ = {isa = PBXBuildFile; fileRef = DCDE90D61C67E72300B54AAC /* Pitch_PerfectTests.swift */; };
		DCDE90E21C67E72300B54AAC /* Pitch_PerfectUITests.swift in Sources */ = {isa = PBXBuildFile; fileRef = DCDE90E11C67E72300B54AAC /* Pitch_PerfectUITests.swift */; };
		DCDE90F01C6A7EC500B54AAC /* movie_quote.mp3 in Resources */ = {isa = PBXBuildFile; fileRef = DCDE90EF1C6A7EC500B54AAC /* movie_quote.mp3 */; };
		DCDE90F21C6A840F00B54AAC /* RecordedAudio.swift in Sources */ = {isa = PBXBuildFile; fileRef = DCDE90F11C6A840F00B54AAC /* RecordedAudio.swift */; };
/* End PBXBuildFile section */

/* Begin PBXContainerItemProxy section */
		DCDE90D31C67E72300B54AAC /* PBXContainerItemProxy */ = {
			isa = PBXContainerItemProxy;
			containerPortal = DCDE90B61C67E72300B54AAC /* Project object */;
			proxyType = 1;
			remoteGlobalIDString = DCDE90BD1C67E72300B54AAC;
			remoteInfo = "Pitch Perfect";
		};
		DCDE90DE1C67E72300B54AAC /* PBXContainerItemProxy */ = {
			isa = PBXContainerItemProxy;
			containerPortal = DCDE90B61C67E72300B54AAC /* Project object */;
			proxyType = 1;
			remoteGlobalIDString = DCDE90BD1C67E72300B54AAC;
			remoteInfo = "Pitch Perfect";
		};
/* End PBXContainerItemProxy section */

/* Begin PBXFileReference section */
		DCC676621C69272400926A28 /* PlaySoundsViewController.swift */ = {isa = PBXFileReference; fileEncoding = 4; lastKnownFileType = sourcecode.swift; path = PlaySoundsViewController.swift; sourceTree = "<group>"; };
		DCDE90BE1C67E72300B54AAC /* Pitch Perfect.app */ = {isa = PBXFileReference; explicitFileType = wrapper.application; includeInIndex = 0; path = "Pitch Perfect.app"; sourceTree = BUILT_PRODUCTS_DIR; };
		DCDE90C11C67E72300B54AAC /* AppDelegate.swift */ = {isa = PBXFileReference; lastKnownFileType = sourcecode.swift; path = AppDelegate.swift; sourceTree = "<group>"; };
		DCDE90C31C67E72300B54AAC /* RecordSoundsViewController.swift */ = {isa = PBXFileReference; lastKnownFileType = sourcecode.swift; path = RecordSoundsViewController.swift; sourceTree = "<group>"; };
		DCDE90C61C67E72300B54AAC /* Base */ = {isa = PBXFileReference; lastKnownFileType = file.storyboard; name = Base; path = Base.lproj/Main.storyboard; sourceTree = "<group>"; };
		DCDE90C81C67E72300B54AAC /* Assets.xcassets */ = {isa = PBXFileReference; lastKnownFileType = folder.assetcatalog; path = Assets.xcassets; sourceTree = "<group>"; };
		DCDE90CB1C67E72300B54AAC /* Base */ = {isa = PBXFileReference; lastKnownFileType = file.storyboard; name = Base; path = Base.lproj/LaunchScreen.storyboard; sourceTree = "<group>"; };
		DCDE90CD1C67E72300B54AAC /* Info.plist */ = {isa = PBXFileReference; lastKnownFileType = text.plist.xml; path = Info.plist; sourceTree = "<group>"; };
		DCDE90D21C67E72300B54AAC /* Pitch PerfectTests.xctest */ = {isa = PBXFileReference; explicitFileType = wrapper.cfbundle; includeInIndex = 0; path = "Pitch PerfectTests.xctest"; sourceTree = BUILT_PRODUCTS_DIR; };
		DCDE90D61C67E72300B54AAC /* Pitch_PerfectTests.swift */ = {isa = PBXFileReference; lastKnownFileType = sourcecode.swift; path = Pitch_PerfectTests.swift; sourceTree = "<group>"; };
		DCDE90D81C67E72300B54AAC /* Info.plist */ = {isa = PBXFileReference; lastKnownFileType = text.plist.xml; path = Info.plist; sourceTree = "<group>"; };
		DCDE90DD1C67E72300B54AAC /* Pitch PerfectUITests.xctest */ = {isa = PBXFileReference; explicitFileType = wrapper.cfbundle; includeInIndex = 0; path = "Pitch PerfectUITests.xctest"; sourceTree = BUILT_PRODUCTS_DIR; };
		DCDE90E11C67E72300B54AAC /* Pitch_PerfectUITests.swift */ = {isa = PBXFileReference; lastKnownFileType = sourcecode.swift; path = Pitch_PerfectUITests.swift; sourceTree = "<group>"; };
		DCDE90E31C67E72300B54AAC /* Info.plist */ = {isa = PBXFileReference; lastKnownFileType = text.plist.xml; path = Info.plist; sourceTree = "<group>"; };
		DCDE90EF1C6A7EC500B54AAC /* movie_quote.mp3 */ = {isa = PBXFileReference; lastKnownFileType = audio.mp3; path = movie_quote.mp3; sourceTree = "<group>"; };
		DCDE90F11C6A840F00B54AAC /* RecordedAudio.swift */ = {isa = PBXFileReference; fileEncoding = 4; lastKnownFileType = sourcecode.swift; path = RecordedAudio.swift; sourceTree = "<group>"; };
/* End PBXFileReference section */

/* Begin PBXFrameworksBuildPhase section */
		DCDE90BB1C67E72300B54AAC /* Frameworks */ = {
			isa = PBXFrameworksBuildPhase;
			buildActionMask = 2147483647;
			files = (
			);
			runOnlyForDeploymentPostprocessing = 0;
		};
		DCDE90CF1C67E72300B54AAC /* Frameworks */ = {
			isa = PBXFrameworksBuildPhase;
			buildActionMask = 2147483647;
			files = (
			);
			runOnlyForDeploymentPostprocessing = 0;
		};
		DCDE90DA1C67E72300B54AAC /* Frameworks */ = {
			isa = PBXFrameworksBuildPhase;
			buildActionMask = 2147483647;
			files = (
			);
			runOnlyForDeploymentPostprocessing = 0;
		};
/* End PBXFrameworksBuildPhase section */

/* Begin PBXGroup section */
		DCC676661C69297500926A28 /* Supporting Files */ = {
			isa = PBXGroup;
			children = (
				DCDE90EF1C6A7EC500B54AAC /* movie_quote.mp3 */,
			);
			name = "Supporting Files";
			sourceTree = "<group>";
		};
		DCDE90B51C67E72300B54AAC = {
			isa = PBXGroup;
			children = (
				DCDE90C01C67E72300B54AAC /* Pitch Perfect */,
				DCDE90D51C67E72300B54AAC /* Pitch PerfectTests */,
				DCDE90E01C67E72300B54AAC /* Pitch PerfectUITests */,
				DCDE90BF1C67E72300B54AAC /* Products */,
			);
			sourceTree = "<group>";
		};
		DCDE90BF1C67E72300B54AAC /* Products */ = {
			isa = PBXGroup;
			children = (
				DCDE90BE1C67E72300B54AAC /* Pitch Perfect.app */,
				DCDE90D21C67E72300B54AAC /* Pitch PerfectTests.xctest */,
				DCDE90DD1C67E72300B54AAC /* Pitch PerfectUITests.xctest */,
			);
			name = Products;
			sourceTree = "<group>";
		};
		DCDE90C01C67E72300B54AAC /* Pitch Perfect */ = {
			isa = PBXGroup;
			children = (
				DCDE90C11C67E72300B54AAC /* AppDelegate.swift */,
				DCDE90C31C67E72300B54AAC /* RecordSoundsViewController.swift */,
				DCDE90F11C6A840F00B54AAC /* RecordedAudio.swift */,
				DCDE90C51C67E72300B54AAC /* Main.storyboard */,
				DCC676621C69272400926A28 /* PlaySoundsViewController.swift */,
				DCDE90C81C67E72300B54AAC /* Assets.xcassets */,
				DCDE90CA1C67E72300B54AAC /* LaunchScreen.storyboard */,
				DCDE90CD1C67E72300B54AAC /* Info.plist */,
				DCC676661C69297500926A28 /* Supporting Files */,
			);
			path = "Pitch Perfect";
			sourceTree = "<group>";
		};
		DCDE90D51C67E72300B54AAC /* Pitch PerfectTests */ = {
			isa = PBXGroup;
			children = (
				DCDE90D61C67E72300B54AAC /* Pitch_PerfectTests.swift */,
				DCDE90D81C67E72300B54AAC /* Info.plist */,
			);
			path = "Pitch PerfectTests";
			sourceTree = "<group>";
		};
		DCDE90E01C67E72300B54AAC /* Pitch PerfectUITests */ = {
			isa = PBXGroup;
			children = (
				DCDE90E11C67E72300B54AAC /* Pitch_PerfectUITests.swift */,
				DCDE90E31C67E72300B54AAC /* Info.plist */,
			);
			path = "Pitch PerfectUITests";
			sourceTree = "<group>";
		};
/* End PBXGroup section */

/* Begin PBXNativeTarget section */
		DCDE90BD1C67E72300B54AAC /* Pitch Perfect */ = {
			isa = PBXNativeTarget;
			buildConfigurationList = DCDE90E61C67E72300B54AAC /* Build configuration list for PBXNativeTarget "Pitch Perfect" */;
			buildPhases = (
				DCDE90BA1C67E72300B54AAC /* Sources */,
				DCDE90BB1C67E72300B54AAC /* Frameworks */,
				DCDE90BC1C67E72300B54AAC /* Resources */,
			);
			buildRules = (
			);
			dependencies = (
			);
			name = "Pitch Perfect";
			productName = "Pitch Perfect";
			productReference = DCDE90BE1C67E72300B54AAC /* Pitch Perfect.app */;
			productType = "com.apple.product-type.application";
		};
		DCDE90D11C67E72300B54AAC /* Pitch PerfectTests */ = {
			isa = PBXNativeTarget;
			buildConfigurationList = DCDE90E91C67E72300B54AAC /* Build configuration list for PBXNativeTarget "Pitch PerfectTests" */;
			buildPhases = (
				DCDE90CE1C67E72300B54AAC /* Sources */,
				DCDE90CF1C67E72300B54AAC /* Frameworks */,
				DCDE90D01C67E72300B54AAC /* Resources */,
			);
			buildRules = (
			);
			dependencies = (
				DCDE90D41C67E72300B54AAC /* PBXTargetDependency */,
			);
			name = "Pitch PerfectTests";
			productName = "Pitch PerfectTests";
			productReference = DCDE90D21C67E72300B54AAC /* Pitch PerfectTests.xctest */;
			productType = "com.apple.product-type.bundle.unit-test";
		};
		DCDE90DC1C67E72300B54AAC /* Pitch PerfectUITests */ = {
			isa = PBXNativeTarget;
			buildConfigurationList = DCDE90EC1C67E72300B54AAC /* Build configuration list for PBXNativeTarget "Pitch PerfectUITests" */;
			buildPhases = (
				DCDE90D91C67E72300B54AAC /* Sources */,
				DCDE90DA1C67E72300B54AAC /* Frameworks */,
				DCDE90DB1C67E72300B54AAC /* Resources */,
			);
			buildRules = (
			);
			dependencies = (
				DCDE90DF1C67E72300B54AAC /* PBXTargetDependency */,
			);
			name = "Pitch PerfectUITests";
			productName = "Pitch PerfectUITests";
			productReference = DCDE90DD1C67E72300B54AAC /* Pitch PerfectUITests.xctest */;
			productType = "com.apple.product-type.bundle.ui-testing";
		};
/* End PBXNativeTarget section */

/* Begin PBXProject section */
		DCDE90B61C67E72300B54AAC /* Project object */ = {
			isa = PBXProject;
			attributes = {
				LastSwiftUpdateCheck = 0720;
				LastUpgradeCheck = 0720;
				ORGANIZATIONNAME = "Stephen Short";
				TargetAttributes = {
					DCDE90BD1C67E72300B54AAC = {
						CreatedOnToolsVersion = 7.2.1;
					};
					DCDE90D11C67E72300B54AAC = {
						CreatedOnToolsVersion = 7.2.1;
						TestTargetID = DCDE90BD1C67E72300B54AAC;
					};
					DCDE90DC1C67E72300B54AAC = {
						CreatedOnToolsVersion = 7.2.1;
						TestTargetID = DCDE90BD1C67E72300B54AAC;
					};
				};
			};
			buildConfigurationList = DCDE90B91C67E72300B54AAC /* Build configuration list for PBXProject "Pitch Perfect" */;
			compatibilityVersion = "Xcode 3.2";
			developmentRegion = English;
			hasScannedForEncodings = 0;
			knownRegions = (
				en,
				Base,
			);
			mainGroup = DCDE90B51C67E72300B54AAC;
			productRefGroup = DCDE90BF1C67E72300B54AAC /* Products */;
			projectDirPath = "";
			projectRoot = "";
			targets = (
				DCDE90BD1C67E72300B54AAC /* Pitch Perfect */,
				DCDE90D11C67E72300B54AAC /* Pitch PerfectTests */,
				DCDE90DC1C67E72300B54AAC /* Pitch PerfectUITests */,
			);
		};
/* End PBXProject section */

/* Begin PBXResourcesBuildPhase section */
		DCDE90BC1C67E72300B54AAC /* Resources */ = {
			isa = PBXResourcesBuildPhase;
			buildActionMask = 2147483647;
			files = (
				DCDE90CC1C67E72300B54AAC /* LaunchScreen.storyboard in Resources */,
				DCDE90C91C67E72300B54AAC /* Assets.xcassets in Resources */,
				DCDE90F01C6A7EC500B54AAC /* movie_quote.mp3 in Resources */,
				DCDE90C71C67E72300B54AAC /* Main.storyboard in Resources */,
			);
			runOnlyForDeploymentPostprocessing = 0;
		};
		DCDE90D01C67E72300B54AAC /* Resources */ = {
			isa = PBXResourcesBuildPhase;
			buildActionMask = 2147483647;
			files = (
			);
			runOnlyForDeploymentPostprocessing = 0;
		};
		DCDE90DB1C67E72300B54AAC /* Resources */ = {
			isa = PBXResourcesBuildPhase;
			buildActionMask = 2147483647;
			files = (
			);
			runOnlyForDeploymentPostprocessing = 0;
		};
/* End PBXResourcesBuildPhase section */

/* Begin PBXSourcesBuildPhase section */
		DCDE90BA1C67E72300B54AAC /* Sources */ = {
			isa = PBXSourcesBuildPhase;
			buildActionMask = 2147483647;
			files = (
				DCDE90F21C6A840F00B54AAC /* RecordedAudio.swift in Sources */,
				DCDE90C41C67E72300B54AAC /* RecordSoundsViewController.swift in Sources */,
				DCC676631C69272400926A28 /* PlaySoundsViewController.swift in Sources */,
				DCDE90C21C67E72300B54AAC /* AppDelegate.swift in Sources */,
			);
			runOnlyForDeploymentPostprocessing = 0;
		};
		DCDE90CE1C67E72300B54AAC /* Sources */ = {
			isa = PBXSourcesBuildPhase;
			buildActionMask = 2147483647;
			files = (
				DCDE90D71C67E72300B54AAC /* Pitch_PerfectTests.swift in Sources */,
			);
			runOnlyForDeploymentPostprocessing = 0;
		};
		DCDE90D91C67E72300B54AAC /* Sources */ = {
			isa = PBXSourcesBuildPhase;
			buildActionMask = 2147483647;
			files = (
				DCDE90E21C67E72300B54AAC /* Pitch_PerfectUITests.swift in Sources */,
			);
			runOnlyForDeploymentPostprocessing = 0;
		};
/* End PBXSourcesBuildPhase section */

/* Begin PBXTargetDependency section */
		DCDE90D41C67E72300B54AAC /* PBXTargetDependency */ = {
			isa = PBXTargetDependency;
			target = DCDE90BD1C67E72300B54AAC /* Pitch Perfect */;
			targetProxy = DCDE90D31C67E72300B54AAC /* PBXContainerItemProxy */;
		};
		DCDE90DF1C67E72300B54AAC /* PBXTargetDependency */ = {
			isa = PBXTargetDependency;
			target = DCDE90BD1C67E72300B54AAC /* Pitch Perfect */;
			targetProxy = DCDE90DE1C67E72300B54AAC /* PBXContainerItemProxy */;
		};
/* End PBXTargetDependency section */

/* Begin PBXVariantGroup section */
		DCDE90C51C67E72300B54AAC /* Main.storyboard */ = {
			isa = PBXVariantGroup;
			children = (
				DCDE90C61C67E72300B54AAC /* Base */,
			);
			name = Main.storyboard;
			sourceTree = "<group>";
		};
		DCDE90CA1C67E72300B54AAC /* LaunchScreen.storyboard */ = {
			isa = PBXVariantGroup;
			children = (
				DCDE90CB1C67E72300B54AAC /* Base */,
			);
			name = LaunchScreen.storyboard;
			sourceTree = "<group>";
		};
/* End PBXVariantGroup section */

/* Begin XCBuildConfiguration section */
		DCDE90E41C67E72300B54AAC /* Debug */ = {
			isa = XCBuildConfiguration;
			buildSettings = {
				ALWAYS_SEARCH_USER_PATHS = NO;
				CLANG_CXX_LANGUAGE_STANDARD = "gnu++0x";
				CLANG_CXX_LIBRARY = "libc++";
				CLANG_ENABLE_MODULES = YES;
				CLANG_ENABLE_OBJC_ARC = YES;
				CLANG_WARN_BOOL_CONVERSION = YES;
				CLANG_WARN_CONSTANT_CONVERSION = YES;
				CLANG_WARN_DIRECT_OBJC_ISA_USAGE = YES_ERROR;
				CLANG_WARN_EMPTY_BODY = YES;
				CLANG_WARN_ENUM_CONVERSION = YES;
				CLANG_WARN_INT_CONVERSION = YES;
				CLANG_WARN_OBJC_ROOT_CLASS = YES_ERROR;
				CLANG_WARN_UNREACHABLE_CODE = YES;
				CLANG_WARN__DUPLICATE_METHOD_MATCH = YES;
				"CODE_SIGN_IDENTITY[sdk=iphoneos*]" = "iPhone Developer";
				COPY_PHASE_STRIP = NO;
				DEBUG_INFORMATION_FORMAT = dwarf;
				ENABLE_STRICT_OBJC_MSGSEND = YES;
				ENABLE_TESTABILITY = YES;
				GCC_C_LANGUAGE_STANDARD = gnu99;
				GCC_DYNAMIC_NO_PIC = NO;
				GCC_NO_COMMON_BLOCKS = YES;
				GCC_OPTIMIZATION_LEVEL = 0;
				GCC_PREPROCESSOR_DEFINITIONS = (
					"DEBUG=1",
					"$(inherited)",
				);
				GCC_WARN_64_TO_32_BIT_CONVERSION = YES;
				GCC_WARN_ABOUT_RETURN_TYPE = YES_ERROR;
				GCC_WARN_UNDECLARED_SELECTOR = YES;
				GCC_WARN_UNINITIALIZED_AUTOS = YES_AGGRESSIVE;
				GCC_WARN_UNUSED_FUNCTION = YES;
				GCC_WARN_UNUSED_VARIABLE = YES;
				IPHONEOS_DEPLOYMENT_TARGET = 9.2;
				MTL_ENABLE_DEBUG_INFO = YES;
				ONLY_ACTIVE_ARCH = YES;
				SDKROOT = iphoneos;
				SWIFT_OPTIMIZATION_LEVEL = "-Onone";
			};
			name = Debug;
		};
		DCDE90E51C67E72300B54AAC /* Release */ = {
			isa = XCBuildConfiguration;
			buildSettings = {
				ALWAYS_SEARCH_USER_PATHS = NO;
				CLANG_CXX_LANGUAGE_STANDARD = "gnu++0x";
				CLANG_CXX_LIBRARY = "libc++";
				CLANG_ENABLE_MODULES = YES;
				CLANG_ENABLE_OBJC_ARC = YES;
				CLANG_WARN_BOOL_CONVERSION = YES;
				CLANG_WARN_CONSTANT_CONVERSION = YES;
				CLANG_WARN_DIRECT_OBJC_ISA_USAGE = YES_ERROR;
				CLANG_WARN_EMPTY_BODY = YES;
				CLANG_WARN_ENUM_CONVERSION = YES;
				CLANG_WARN_INT_CONVERSION = YES;
				CLANG_WARN_OBJC_ROOT_CLASS = YES_ERROR;
				CLANG_WARN_UNREACHABLE_CODE = YES;
				CLANG_WARN__DUPLICATE_METHOD_MATCH = YES;
				"CODE_SIGN_IDENTITY[sdk=iphoneos*]" = "iPhone Developer";
				COPY_PHASE_STRIP = NO;
				DEBUG_INFORMATION_FORMAT = "dwarf-with-dsym";
				ENABLE_NS_ASSERTIONS = NO;
				ENABLE_STRICT_OBJC_MSGSEND = YES;
				GCC_C_LANGUAGE_STANDARD = gnu99;
				GCC_NO_COMMON_BLOCKS = YES;
				GCC_WARN_64_TO_32_BIT_CONVERSION = YES;
				GCC_WARN_ABOUT_RETURN_TYPE = YES_ERROR;
				GCC_WARN_UNDECLARED_SELECTOR = YES;
				GCC_WARN_UNINITIALIZED_AUTOS = YES_AGGRESSIVE;
				GCC_WARN_UNUSED_FUNCTION = YES;
				GCC_WARN_UNUSED_VARIABLE = YES;
				IPHONEOS_DEPLOYMENT_TARGET = 9.2;
				MTL_ENABLE_DEBUG_INFO = NO;
				SDKROOT = iphoneos;
				VALIDATE_PRODUCT = YES;
			};
			name = Release;
		};
		DCDE90E71C67E72300B54AAC /* Debug */ = {
			isa = XCBuildConfiguration;
			buildSettings = {
				ASSETCATALOG_COMPILER_APPICON_NAME = AppIcon;
				INFOPLIST_FILE = "Pitch Perfect/Info.plist";
				LD_RUNPATH_SEARCH_PATHS = "$(inherited) @executable_path/Frameworks";
				PRODUCT_BUNDLE_IDENTIFIER = "com.steshor.Pitch-Perfect";
				PRODUCT_NAME = "$(TARGET_NAME)";
			};
			name = Debug;
		};
		DCDE90E81C67E72300B54AAC /* Release */ = {
			isa = XCBuildConfiguration;
			buildSettings = {
				ASSETCATALOG_COMPILER_APPICON_NAME = AppIcon;
				INFOPLIST_FILE = "Pitch Perfect/Info.plist";
				LD_RUNPATH_SEARCH_PATHS = "$(inherited) @executable_path/Frameworks";
				PRODUCT_BUNDLE_IDENTIFIER = "com.steshor.Pitch-Perfect";
				PRODUCT_NAME = "$(TARGET_NAME)";
			};
			name = Release;
		};
		DCDE90EA1C67E72300B54AAC /* Debug */ = {
			isa = XCBuildConfiguration;
			buildSettings = {
				BUNDLE_LOADER = "$(TEST_HOST)";
				INFOPLIST_FILE = "Pitch PerfectTests/Info.plist";
				LD_RUNPATH_SEARCH_PATHS = "$(inherited) @executable_path/Frameworks @loader_path/Frameworks";
				PRODUCT_BUNDLE_IDENTIFIER = "com.steshor.Pitch-PerfectTests";
				PRODUCT_NAME = "$(TARGET_NAME)";
				TEST_HOST = "$(BUILT_PRODUCTS_DIR)/Pitch Perfect.app/Pitch Perfect";
			};
			name = Debug;
		};
		DCDE90EB1C67E72300B54AAC /* Release */ = {
			isa = XCBuildConfiguration;
			buildSettings = {
				BUNDLE_LOADER = "$(TEST_HOST)";
				INFOPLIST_FILE = "Pitch PerfectTests/Info.plist";
				LD_RUNPATH_SEARCH_PATHS = "$(inherited) @executable_path/Frameworks @loader_path/Frameworks";
				PRODUCT_BUNDLE_IDENTIFIER = "com.steshor.Pitch-PerfectTests";
				PRODUCT_NAME = "$(TARGET_NAME)";
				TEST_HOST = "$(BUILT_PRODUCTS_DIR)/Pitch Perfect.app/Pitch Perfect";
			};
			name = Release;
		};
		DCDE90ED1C67E72300B54AAC /* Debug */ = {
			isa = XCBuildConfiguration;
			buildSettings = {
				INFOPLIST_FILE = "Pitch PerfectUITests/Info.plist";
				LD_RUNPATH_SEARCH_PATHS = "$(inherited) @executable_path/Frameworks @loader_path/Frameworks";
				PRODUCT_BUNDLE_IDENTIFIER = "com.steshor.Pitch-PerfectUITests";
				PRODUCT_NAME = "$(TARGET_NAME)";
				TEST_TARGET_NAME = "Pitch Perfect";
				USES_XCTRUNNER = YES;
			};
			name = Debug;
		};
		DCDE90EE1C67E72300B54AAC /* Release */ = {
			isa = XCBuildConfiguration;
			buildSettings = {
				INFOPLIST_FILE = "Pitch PerfectUITests/Info.plist";
				LD_RUNPATH_SEARCH_PATHS = "$(inherited) @executable_path/Frameworks @loader_path/Frameworks";
				PRODUCT_BUNDLE_IDENTIFIER = "com.steshor.Pitch-PerfectUITests";
				PRODUCT_NAME = "$(TARGET_NAME)";
				TEST_TARGET_NAME = "Pitch Perfect";
				USES_XCTRUNNER = YES;
			};
			name = Release;
		};
/* End XCBuildConfiguration section */

/* Begin XCConfigurationList section */
		DCDE90B91C67E72300B54AAC /* Build configuration list for PBXProject "Pitch Perfect" */ = {
			isa = XCConfigurationList;
			buildConfigurations = (
				DCDE90E41C67E72300B54AAC /* Debug */,
				DCDE90E51C67E72300B54AAC /* Release */,
			);
			defaultConfigurationIsVisible = 0;
			defaultConfigurationName = Release;
		};
		DCDE90E61C67E72300B54AAC /* Build configuration list for PBXNativeTarget "Pitch Perfect" */ = {
			isa = XCConfigurationList;
			buildConfigurations = (
				DCDE90E71C67E72300B54AAC /* Debug */,
				DCDE90E81C67E72300B54AAC /* Release */,
			);
			defaultConfigurationIsVisible = 0;
			defaultConfigurationName = Release;
		};
		DCDE90E91C67E72300B54AAC /* Build configuration list for PBXNativeTarget "Pitch PerfectTests" */ = {
			isa = XCConfigurationList;
			buildConfigurations = (
				DCDE90EA1C67E72300B54AAC /* Debug */,
				DCDE90EB1C67E72300B54AAC /* Release */,
			);
			defaultConfigurationIsVisible = 0;
			defaultConfigurationName = Release;
		};
		DCDE90EC1C67E72300B54AAC /* Build configuration list for PBXNativeTarget "Pitch PerfectUITests" */ = {
			isa = XCConfigurationList;
			buildConfigurations = (
				DCDE90ED1C67E72300B54AAC /* Debug */,
				DCDE90EE1C67E72300B54AAC /* Release */,
			);
			defaultConfigurationIsVisible = 0;
			defaultConfigurationName = Release;
		};
/* End XCConfigurationList section */
	};
	rootObject = DCDE90B61C67E72300B54AAC /* Project object */;
}
